
Microsoft Visual Studio Solution File, Format Version 12.00
# Visual Studio 2013
VisualStudioVersion = 12.0.40629.0
MinimumVisualStudioVersion = 10.0.40219.1
Project("{FAE04EC0-301F-11D3-BF4B-00C04F79EFBC}") = "Orleans.EventSourcing", "Orleans.EventSourcing\Orleans.EventSourcing.csproj", "{50826CCF-9BEF-4CF0-8FFB-08FD028CFC2A}"
EndProject
Project("{FAE04EC0-301F-11D3-BF4B-00C04F79EFBC}") = "Orleans.EventSourcing.UnitTests", "Orleans.EventSourcing.UnitTests\Orleans.EventSourcing.UnitTests.csproj", "{82238ACF-249E-4AA5-983A-873A2332A98E}"
EndProject
Project("{FAE04EC0-301F-11D3-BF4B-00C04F79EFBC}") = "Orleans.EventSourcing.SimpleInterface", "SimpleInterface\Orleans.EventSourcing.SimpleInterface.csproj", "{1BDBE34D-912E-492A-9D38-27F7F1901338}"
EndProject
Project("{FAE04EC0-301F-11D3-BF4B-00C04F79EFBC}") = "Orleans.EventSourcing.Simple", "Simple\Orleans.EventSourcing.Simple.csproj", "{024BA7A1-969B-4816-B05C-EA0689C0D4A3}"
EndProject
Project("{FAE04EC0-301F-11D3-BF4B-00C04F79EFBC}") = "Orleans.EventSourcing.SimpleGrain", "SimpleGrain\Orleans.EventSourcing.SimpleGrain.csproj", "{8CEB3272-9926-4C62-8389-8C0793968301}"
EndProject
Project("{2150E333-8FDC-42A3-9474-1A3956D46DE8}") = ".nuget", ".nuget", "{70F9B801-3AA6-4E2B-8F04-55296160766C}"
	ProjectSection(SolutionItems) = preProject
		.nuget\NuGet.Config = .nuget\NuGet.Config
		.nuget\NuGet.exe = .nuget\NuGet.exe
		.nuget\NuGet.targets = .nuget\NuGet.targets
	EndProjectSection
EndProject
Project("{FAE04EC0-301F-11D3-BF4B-00C04F79EFBC}") = "Orleans.EventSourcing.MongoDB", "Orleans.EventSourcing.MongoDB\Orleans.EventSourcing.MongoDB.csproj", "{E5003DEA-41B3-4C64-80A4-0FCB56B287BE}"
EndProject
Project("{FAE04EC0-301F-11D3-BF4B-00C04F79EFBC}") = "Orleans.EventSourcing.EventTypeCodeRegisterTool", "EventTypeCodeRegisterTool\Orleans.EventSourcing.EventTypeCodeRegisterTool.csproj", "{48B63A71-F405-410D-91FC-C91345318CFA}"
EndProject
Project("{2150E333-8FDC-42A3-9474-1A3956D46DE8}") = "Build", "Build", "{59D83221-D216-4C6E-A113-5DC7C80E2689}"
	ProjectSection(SolutionItems) = preProject
		Build.cmd = Build.cmd
	EndProjectSection
EndProject
Project("{FAE04EC0-301F-11D3-BF4B-00C04F79EFBC}") = "Orleans.EventSourcing.RabbitMqEventStreamProvider", "Orleans.EventSourcing.RabbitMqEventStreamProvider\Orleans.EventSourcing.RabbitMqEventStreamProvider.csproj", "{BA79ACD0-AF64-4B15-A427-6768B4D1CB15}"
EndProject
Global
	GlobalSection(SolutionConfigurationPlatforms) = preSolution
		Debug|Any CPU = Debug|Any CPU
		Release|Any CPU = Release|Any CPU
	EndGlobalSection
	GlobalSection(ProjectConfigurationPlatforms) = postSolution
		{50826CCF-9BEF-4CF0-8FFB-08FD028CFC2A}.Debug|Any CPU.ActiveCfg = Debug|Any CPU
		{50826CCF-9BEF-4CF0-8FFB-08FD028CFC2A}.Debug|Any CPU.Build.0 = Debug|Any CPU
		{50826CCF-9BEF-4CF0-8FFB-08FD028CFC2A}.Release|Any CPU.ActiveCfg = Release|Any CPU
		{50826CCF-9BEF-4CF0-8FFB-08FD028CFC2A}.Release|Any CPU.Build.0 = Release|Any CPU
		{82238ACF-249E-4AA5-983A-873A2332A98E}.Debug|Any CPU.ActiveCfg = Debug|Any CPU
		{82238ACF-249E-4AA5-983A-873A2332A98E}.Debug|Any CPU.Build.0 = Debug|Any CPU
		{82238ACF-249E-4AA5-983A-873A2332A98E}.Release|Any CPU.ActiveCfg = Release|Any CPU
		{82238ACF-249E-4AA5-983A-873A2332A98E}.Release|Any CPU.Build.0 = Release|Any CPU
		{1BDBE34D-912E-492A-9D38-27F7F1901338}.Debug|Any CPU.ActiveCfg = Debug|Any CPU
		{1BDBE34D-912E-492A-9D38-27F7F1901338}.Debug|Any CPU.Build.0 = Debug|Any CPU
		{1BDBE34D-912E-492A-9D38-27F7F1901338}.Release|Any CPU.ActiveCfg = Release|Any CPU
		{1BDBE34D-912E-492A-9D38-27F7F1901338}.Release|Any CPU.Build.0 = Release|Any CPU
		{024BA7A1-969B-4816-B05C-EA0689C0D4A3}.Debug|Any CPU.ActiveCfg = Debug|Any CPU
		{024BA7A1-969B-4816-B05C-EA0689C0D4A3}.Debug|Any CPU.Build.0 = Debug|Any CPU
		{024BA7A1-969B-4816-B05C-EA0689C0D4A3}.Release|Any CPU.ActiveCfg = Release|Any CPU
		{024BA7A1-969B-4816-B05C-EA0689C0D4A3}.Release|Any CPU.Build.0 = Release|Any CPU
		{8CEB3272-9926-4C62-8389-8C0793968301}.Debug|Any CPU.ActiveCfg = Debug|Any CPU
		{8CEB3272-9926-4C62-8389-8C0793968301}.Debug|Any CPU.Build.0 = Debug|Any CPU
		{8CEB3272-9926-4C62-8389-8C0793968301}.Release|Any CPU.ActiveCfg = Release|Any CPU
		{8CEB3272-9926-4C62-8389-8C0793968301}.Release|Any CPU.Build.0 = Release|Any CPU
		{E5003DEA-41B3-4C64-80A4-0FCB56B287BE}.Debug|Any CPU.ActiveCfg = Debug|Any CPU
		{E5003DEA-41B3-4C64-80A4-0FCB56B287BE}.Debug|Any CPU.Build.0 = Debug|Any CPU
		{E5003DEA-41B3-4C64-80A4-0FCB56B287BE}.Release|Any CPU.ActiveCfg = Release|Any CPU
		{E5003DEA-41B3-4C64-80A4-0FCB56B287BE}.Release|Any CPU.Build.0 = Release|Any CPU
		{48B63A71-F405-410D-91FC-C91345318CFA}.Debug|Any CPU.ActiveCfg = Debug|Any CPU
		{48B63A71-F405-410D-91FC-C91345318CFA}.Debug|Any CPU.Build.0 = Debug|Any CPU
		{48B63A71-F405-410D-91FC-C91345318CFA}.Release|Any CPU.ActiveCfg = Release|Any CPU
		{48B63A71-F405-410D-91FC-C91345318CFA}.Release|Any CPU.Build.0 = Release|Any CPU
		{BA79ACD0-AF64-4B15-A427-6768B4D1CB15}.Debug|Any CPU.ActiveCfg = Debug|Any CPU
		{BA79ACD0-AF64-4B15-A427-6768B4D1CB15}.Debug|Any CPU.Build.0 = Debug|Any CPU
		{BA79ACD0-AF64-4B15-A427-6768B4D1CB15}.Release|Any CPU.ActiveCfg = Release|Any CPU
		{BA79ACD0-AF64-4B15-A427-6768B4D1CB15}.Release|Any CPU.Build.0 = Release|Any CPU
	EndGlobalSection
	GlobalSection(SolutionProperties) = preSolution
		HideSolutionNode = FALSE
	EndGlobalSection
	GlobalSection(Performance) = preSolution
		HasPerformanceSessions = true
	EndGlobalSection
EndGlobal
